
Microsoft Visual Studio Solution File, Format Version 12.00
Project("{FAE04EC0-301F-11D3-BF4B-00C04F79EFBC}") = "MLEM", "MLEM\MLEM.csproj", "{1D6AB762-43C4-4775-8924-707C7EC3F142}"
EndProject
Project("{FAE04EC0-301F-11D3-BF4B-00C04F79EFBC}") = "MLEM.Extended", "MLEM.Extended\MLEM.Extended.csproj", "{232A6513-A28C-4D7F-BA5A-89281BFC1538}"
EndProject
Project("{FAE04EC0-301F-11D3-BF4B-00C04F79EFBC}") = "MLEM.Startup", "MLEM.Startup\MLEM.Startup.csproj", "{997F4739-7BEC-4621-B9CA-68DEB2D74412}"
EndProject
Project("{FAE04EC0-301F-11D3-BF4B-00C04F79EFBC}") = "Demos", "Demos\Demos.csproj", "{1BC4682B-AA14-4937-B5C7-707E20FE88FF}"
EndProject
Project("{FAE04EC0-301F-11D3-BF4B-00C04F79EFBC}") = "MLEM.Ui", "MLEM.Ui\MLEM.Ui.csproj", "{6F00629A-8B87-4264-8896-19983285E32F}"
EndProject
Project("{FAE04EC0-301F-11D3-BF4B-00C04F79EFBC}") = "Demos.DesktopGL", "Demos.DesktopGL\Demos.DesktopGL.csproj", "{468A868F-FB75-4D48-BC03-6F9FCDB014C9}"
EndProject
Project("{FAE04EC0-301F-11D3-BF4B-00C04F79EFBC}") = "Demos.Android", "AndroidDemos\Demos.Android.csproj", "{410C0262-131C-4D0E-910D-D01B4F7143E0}"
EndProject
Global
	GlobalSection(SolutionConfigurationPlatforms) = preSolution
		Debug|Any CPU = Debug|Any CPU
		Release|Any CPU = Release|Any CPU
	EndGlobalSection
	GlobalSection(ProjectConfigurationPlatforms) = postSolution
		{1D6AB762-43C4-4775-8924-707C7EC3F142}.Debug|Any CPU.ActiveCfg = Debug|Any CPU
		{1D6AB762-43C4-4775-8924-707C7EC3F142}.Debug|Any CPU.Build.0 = Debug|Any CPU
		{1D6AB762-43C4-4775-8924-707C7EC3F142}.Release|Any CPU.ActiveCfg = Release|Any CPU
		{1D6AB762-43C4-4775-8924-707C7EC3F142}.Release|Any CPU.Build.0 = Release|Any CPU
		{232A6513-A28C-4D7F-BA5A-89281BFC1538}.Debug|Any CPU.ActiveCfg = Debug|Any CPU
		{232A6513-A28C-4D7F-BA5A-89281BFC1538}.Debug|Any CPU.Build.0 = Debug|Any CPU
		{232A6513-A28C-4D7F-BA5A-89281BFC1538}.Release|Any CPU.ActiveCfg = Release|Any CPU
		{232A6513-A28C-4D7F-BA5A-89281BFC1538}.Release|Any CPU.Build.0 = Release|Any CPU
		{997F4739-7BEC-4621-B9CA-68DEB2D74412}.Debug|Any CPU.ActiveCfg = Debug|Any CPU
		{997F4739-7BEC-4621-B9CA-68DEB2D74412}.Debug|Any CPU.Build.0 = Debug|Any CPU
		{997F4739-7BEC-4621-B9CA-68DEB2D74412}.Release|Any CPU.ActiveCfg = Release|Any CPU
		{997F4739-7BEC-4621-B9CA-68DEB2D74412}.Release|Any CPU.Build.0 = Release|Any CPU
		{1BC4682B-AA14-4937-B5C7-707E20FE88FF}.Debug|Any CPU.ActiveCfg = Debug|Any CPU
		{1BC4682B-AA14-4937-B5C7-707E20FE88FF}.Debug|Any CPU.Build.0 = Debug|Any CPU
		{1BC4682B-AA14-4937-B5C7-707E20FE88FF}.Release|Any CPU.ActiveCfg = Release|Any CPU
		{1BC4682B-AA14-4937-B5C7-707E20FE88FF}.Release|Any CPU.Build.0 = Release|Any CPU
		{6F00629A-8B87-4264-8896-19983285E32F}.Debug|Any CPU.ActiveCfg = Debug|Any CPU
		{6F00629A-8B87-4264-8896-19983285E32F}.Debug|Any CPU.Build.0 = Debug|Any CPU
		{6F00629A-8B87-4264-8896-19983285E32F}.Release|Any CPU.ActiveCfg = Release|Any CPU
		{6F00629A-8B87-4264-8896-19983285E32F}.Release|Any CPU.Build.0 = Release|Any CPU
		{468A868F-FB75-4D48-BC03-6F9FCDB014C9}.Debug|Any CPU.ActiveCfg = Debug|Any CPU
		{468A868F-FB75-4D48-BC03-6F9FCDB014C9}.Debug|Any CPU.Build.0 = Debug|Any CPU
		{468A868F-FB75-4D48-BC03-6F9FCDB014C9}.Release|Any CPU.ActiveCfg = Release|Any CPU
		{468A868F-FB75-4D48-BC03-6F9FCDB014C9}.Release|Any CPU.Build.0 = Release|Any CPU
		{410C0262-131C-4D0E-910D-D01B4F7143E0}.Debug|Any CPU.ActiveCfg = Debug|Any CPU
		{410C0262-131C-4D0E-910D-D01B4F7143E0}.Debug|Any CPU.Build.0 = Debug|Any CPU
		{410C0262-131C-4D0E-910D-D01B4F7143E0}.Release|Any CPU.ActiveCfg = Release|Any CPU
		{410C0262-131C-4D0E-910D-D01B4F7143E0}.Release|Any CPU.Build.0 = Release|Any CPU
	EndGlobalSection
EndGlobal
