
Microsoft Visual Studio Solution File, Format Version 12.00
Project("{FAE04EC0-301F-11D3-BF4B-00C04F79EFBC}") = "MLEM.KNI", "MLEM\MLEM.KNI.csproj", "{C2C88AE6-6274-4395-8B03-52AE898BA070}"
EndProject
Project("{FAE04EC0-301F-11D3-BF4B-00C04F79EFBC}") = "MLEM.Ui.KNI", "MLEM.Ui\MLEM.Ui.KNI.csproj", "{1B47A40B-3BF6-4933-A7DB-57EADEBDFB61}"
EndProject
Project("{FAE04EC0-301F-11D3-BF4B-00C04F79EFBC}") = "MLEM.Startup.KNI", "MLEM.Startup\MLEM.Startup.KNI.csproj", "{FBE2C9B5-293D-47A7-9BA1-5A4BD1C4E816}"
EndProject
Project("{FAE04EC0-301F-11D3-BF4B-00C04F79EFBC}") = "MLEM.Data.KNI", "MLEM.Data\MLEM.Data.KNI.csproj", "{6587BC91-0640-43FB-988A-4F545B8ACFC5}"
EndProject
Project("{FAE04EC0-301F-11D3-BF4B-00C04F79EFBC}") = "Demos.KNI", "Demos\Demos.KNI.csproj", "{D83D7D24-14CB-4A7C-A80B-BA4FEC66AB55}"
EndProject
Project("{FAE04EC0-301F-11D3-BF4B-00C04F79EFBC}") = "Demos.DesktopGL.KNI", "Demos.DesktopGL\Demos.DesktopGL.KNI.csproj", "{AB08FEC7-3AC3-4FDE-B632-226FAAD7F73F}"
EndProject
Project("{FAE04EC0-301F-11D3-BF4B-00C04F79EFBC}") = "Tests.KNI", "Tests\Tests.KNI.csproj", "{C74FC4C5-3BE0-42A7-8BA6-4A9AD438A9E2}"
EndProject
Project("{FAE04EC0-301F-11D3-BF4B-00C04F79EFBC}") = "MLEM.Extended.KNI", "MLEM.Extended\MLEM.Extended.KNI.csproj", "{A5B22930-DF4B-4A62-93ED-A6549F7B666B}"
EndProject
Global
	GlobalSection(SolutionConfigurationPlatforms) = preSolution
		Debug|Any CPU = Debug|Any CPU
		Release|Any CPU = Release|Any CPU
	EndGlobalSection
	GlobalSection(ProjectConfigurationPlatforms) = postSolution
		{C2C88AE6-6274-4395-8B03-52AE898BA070}.Debug|Any CPU.ActiveCfg = Debug|Any CPU
		{C2C88AE6-6274-4395-8B03-52AE898BA070}.Debug|Any CPU.Build.0 = Debug|Any CPU
		{C2C88AE6-6274-4395-8B03-52AE898BA070}.Release|Any CPU.ActiveCfg = Release|Any CPU
		{C2C88AE6-6274-4395-8B03-52AE898BA070}.Release|Any CPU.Build.0 = Release|Any CPU
		{1B47A40B-3BF6-4933-A7DB-57EADEBDFB61}.Debug|Any CPU.ActiveCfg = Debug|Any CPU
		{1B47A40B-3BF6-4933-A7DB-57EADEBDFB61}.Debug|Any CPU.Build.0 = Debug|Any CPU
		{1B47A40B-3BF6-4933-A7DB-57EADEBDFB61}.Release|Any CPU.ActiveCfg = Release|Any CPU
		{1B47A40B-3BF6-4933-A7DB-57EADEBDFB61}.Release|Any CPU.Build.0 = Release|Any CPU
		{FBE2C9B5-293D-47A7-9BA1-5A4BD1C4E816}.Debug|Any CPU.ActiveCfg = Debug|Any CPU
		{FBE2C9B5-293D-47A7-9BA1-5A4BD1C4E816}.Debug|Any CPU.Build.0 = Debug|Any CPU
		{FBE2C9B5-293D-47A7-9BA1-5A4BD1C4E816}.Release|Any CPU.ActiveCfg = Release|Any CPU
		{FBE2C9B5-293D-47A7-9BA1-5A4BD1C4E816}.Release|Any CPU.Build.0 = Release|Any CPU
		{6587BC91-0640-43FB-988A-4F545B8ACFC5}.Debug|Any CPU.ActiveCfg = Debug|Any CPU
		{6587BC91-0640-43FB-988A-4F545B8ACFC5}.Debug|Any CPU.Build.0 = Debug|Any CPU
		{6587BC91-0640-43FB-988A-4F545B8ACFC5}.Release|Any CPU.ActiveCfg = Release|Any CPU
		{6587BC91-0640-43FB-988A-4F545B8ACFC5}.Release|Any CPU.Build.0 = Release|Any CPU
		{D83D7D24-14CB-4A7C-A80B-BA4FEC66AB55}.Debug|Any CPU.ActiveCfg = Debug|Any CPU
		{D83D7D24-14CB-4A7C-A80B-BA4FEC66AB55}.Debug|Any CPU.Build.0 = Debug|Any CPU
		{D83D7D24-14CB-4A7C-A80B-BA4FEC66AB55}.Release|Any CPU.ActiveCfg = Release|Any CPU
		{D83D7D24-14CB-4A7C-A80B-BA4FEC66AB55}.Release|Any CPU.Build.0 = Release|Any CPU
		{AB08FEC7-3AC3-4FDE-B632-226FAAD7F73F}.Debug|Any CPU.ActiveCfg = Debug|Any CPU
		{AB08FEC7-3AC3-4FDE-B632-226FAAD7F73F}.Debug|Any CPU.Build.0 = Debug|Any CPU
		{AB08FEC7-3AC3-4FDE-B632-226FAAD7F73F}.Release|Any CPU.ActiveCfg = Release|Any CPU
		{AB08FEC7-3AC3-4FDE-B632-226FAAD7F73F}.Release|Any CPU.Build.0 = Release|Any CPU
		{C74FC4C5-3BE0-42A7-8BA6-4A9AD438A9E2}.Debug|Any CPU.ActiveCfg = Debug|Any CPU
		{C74FC4C5-3BE0-42A7-8BA6-4A9AD438A9E2}.Debug|Any CPU.Build.0 = Debug|Any CPU
		{C74FC4C5-3BE0-42A7-8BA6-4A9AD438A9E2}.Release|Any CPU.ActiveCfg = Release|Any CPU
		{C74FC4C5-3BE0-42A7-8BA6-4A9AD438A9E2}.Release|Any CPU.Build.0 = Release|Any CPU
		{A5B22930-DF4B-4A62-93ED-A6549F7B666B}.Debug|Any CPU.ActiveCfg = Debug|Any CPU
		{A5B22930-DF4B-4A62-93ED-A6549F7B666B}.Debug|Any CPU.Build.0 = Debug|Any CPU
		{A5B22930-DF4B-4A62-93ED-A6549F7B666B}.Release|Any CPU.ActiveCfg = Release|Any CPU
		{A5B22930-DF4B-4A62-93ED-A6549F7B666B}.Release|Any CPU.Build.0 = Release|Any CPU
		{35253CE1-C864-4CD3-8249-4D1319748E8F}.Debug|Any CPU.ActiveCfg = Debug|Any CPU
		{35253CE1-C864-4CD3-8249-4D1319748E8F}.Debug|Any CPU.Build.0 = Debug|Any CPU
		{35253CE1-C864-4CD3-8249-4D1319748E8F}.Release|Any CPU.ActiveCfg = Release|Any CPU
		{35253CE1-C864-4CD3-8249-4D1319748E8F}.Release|Any CPU.Build.0 = Release|Any CPU
		{39249E92-EBF2-4951-A086-AB4951C3CCE1}.Debug|Any CPU.ActiveCfg = Debug|Any CPU
		{39249E92-EBF2-4951-A086-AB4951C3CCE1}.Debug|Any CPU.Build.0 = Debug|Any CPU
		{39249E92-EBF2-4951-A086-AB4951C3CCE1}.Release|Any CPU.ActiveCfg = Release|Any CPU
		{39249E92-EBF2-4951-A086-AB4951C3CCE1}.Release|Any CPU.Build.0 = Release|Any CPU
		{458FFA5E-A1C4-4B23-A5D8-259385FEECED}.Debug|Any CPU.ActiveCfg = Debug|x64
		{458FFA5E-A1C4-4B23-A5D8-259385FEECED}.Debug|Any CPU.Build.0 = Debug|x64
		{458FFA5E-A1C4-4B23-A5D8-259385FEECED}.Release|Any CPU.ActiveCfg = Release|x64
		{458FFA5E-A1C4-4B23-A5D8-259385FEECED}.Release|Any CPU.Build.0 = Release|x64
		{B7F73499-9BF0-487D-B20E-B4B67EB3A4EA}.Debug|Any CPU.ActiveCfg = Debug|Any CPU
		{B7F73499-9BF0-487D-B20E-B4B67EB3A4EA}.Debug|Any CPU.Build.0 = Debug|Any CPU
		{B7F73499-9BF0-487D-B20E-B4B67EB3A4EA}.Release|Any CPU.ActiveCfg = Release|Any CPU
		{B7F73499-9BF0-487D-B20E-B4B67EB3A4EA}.Release|Any CPU.Build.0 = Release|Any CPU
		{1A736385-E931-40A9-BBE0-A9286AB2F6B2}.Debug|Any CPU.ActiveCfg = Debug|x64
		{1A736385-E931-40A9-BBE0-A9286AB2F6B2}.Debug|Any CPU.Build.0 = Debug|x64
		{1A736385-E931-40A9-BBE0-A9286AB2F6B2}.Release|Any CPU.ActiveCfg = Release|x64
		{1A736385-E931-40A9-BBE0-A9286AB2F6B2}.Release|Any CPU.Build.0 = Release|x64
	EndGlobalSection
EndGlobal
